
Microsoft Visual Studio Solution File, Format Version 12.00
# Visual Studio 15
VisualStudioVersion = 15.0.28307.136
MinimumVisualStudioVersion = 10.0.40219.1
Project("{9A19103F-16F7-4668-BE54-9A1E7A4F7556}") = "Tests", "NUnitTestProject1\Tests.csproj", "{C56602CC-7D27-433E-A163-B0804478CEA8}"
EndProject
Project("{FAE04EC0-301F-11D3-BF4B-00C04F79EFBC}") = "SDO.Android", "SDO\SDO.Android\SDO.Android.csproj", "{CC13A4BD-9CFA-4973-B930-8C899EC2F386}"
EndProject
Project("{FAE04EC0-301F-11D3-BF4B-00C04F79EFBC}") = "SDO.iOS", "SDO\SDO.iOS\SDO.iOS.csproj", "{BC6D55F6-2EEF-4082-84E2-6300FB0EFB80}"
EndProject
Project("{9A19103F-16F7-4668-BE54-9A1E7A4F7556}") = "SDO", "SDO\SDO\SDO.csproj", "{CD1BADE6-CDB1-4343-AB64-7544A42D9B89}"
EndProject
Global
	GlobalSection(SolutionConfigurationPlatforms) = preSolution
		Ad-Hoc|Any CPU = Ad-Hoc|Any CPU
		Ad-Hoc|ARM = Ad-Hoc|ARM
		Ad-Hoc|iPhone = Ad-Hoc|iPhone
		Ad-Hoc|iPhoneSimulator = Ad-Hoc|iPhoneSimulator
		Ad-Hoc|x64 = Ad-Hoc|x64
		Ad-Hoc|x86 = Ad-Hoc|x86
		AppStore|Any CPU = AppStore|Any CPU
		AppStore|ARM = AppStore|ARM
		AppStore|iPhone = AppStore|iPhone
		AppStore|iPhoneSimulator = AppStore|iPhoneSimulator
		AppStore|x64 = AppStore|x64
		AppStore|x86 = AppStore|x86
		Debug|Any CPU = Debug|Any CPU
		Debug|ARM = Debug|ARM
		Debug|iPhone = Debug|iPhone
		Debug|iPhoneSimulator = Debug|iPhoneSimulator
		Debug|x64 = Debug|x64
		Debug|x86 = Debug|x86
		Release|Any CPU = Release|Any CPU
		Release|ARM = Release|ARM
		Release|iPhone = Release|iPhone
		Release|iPhoneSimulator = Release|iPhoneSimulator
		Release|x64 = Release|x64
		Release|x86 = Release|x86
	EndGlobalSection
	GlobalSection(ProjectConfigurationPlatforms) = postSolution
		{C56602CC-7D27-433E-A163-B0804478CEA8}.Ad-Hoc|Any CPU.ActiveCfg = Release|Any CPU
		{C56602CC-7D27-433E-A163-B0804478CEA8}.Ad-Hoc|Any CPU.Build.0 = Release|Any CPU
		{C56602CC-7D27-433E-A163-B0804478CEA8}.Ad-Hoc|ARM.ActiveCfg = Release|Any CPU
		{C56602CC-7D27-433E-A163-B0804478CEA8}.Ad-Hoc|ARM.Build.0 = Release|Any CPU
		{C56602CC-7D27-433E-A163-B0804478CEA8}.Ad-Hoc|iPhone.ActiveCfg = Release|Any CPU
		{C56602CC-7D27-433E-A163-B0804478CEA8}.Ad-Hoc|iPhone.Build.0 = Release|Any CPU
		{C56602CC-7D27-433E-A163-B0804478CEA8}.Ad-Hoc|iPhoneSimulator.ActiveCfg = Release|Any CPU
		{C56602CC-7D27-433E-A163-B0804478CEA8}.Ad-Hoc|iPhoneSimulator.Build.0 = Release|Any CPU
		{C56602CC-7D27-433E-A163-B0804478CEA8}.Ad-Hoc|x64.ActiveCfg = Release|Any CPU
		{C56602CC-7D27-433E-A163-B0804478CEA8}.Ad-Hoc|x64.Build.0 = Release|Any CPU
		{C56602CC-7D27-433E-A163-B0804478CEA8}.Ad-Hoc|x86.ActiveCfg = Release|Any CPU
		{C56602CC-7D27-433E-A163-B0804478CEA8}.Ad-Hoc|x86.Build.0 = Release|Any CPU
		{C56602CC-7D27-433E-A163-B0804478CEA8}.AppStore|Any CPU.ActiveCfg = Release|Any CPU
		{C56602CC-7D27-433E-A163-B0804478CEA8}.AppStore|Any CPU.Build.0 = Release|Any CPU
		{C56602CC-7D27-433E-A163-B0804478CEA8}.AppStore|ARM.ActiveCfg = Release|Any CPU
		{C56602CC-7D27-433E-A163-B0804478CEA8}.AppStore|ARM.Build.0 = Release|Any CPU
		{C56602CC-7D27-433E-A163-B0804478CEA8}.AppStore|iPhone.ActiveCfg = Release|Any CPU
		{C56602CC-7D27-433E-A163-B0804478CEA8}.AppStore|iPhone.Build.0 = Release|Any CPU
		{C56602CC-7D27-433E-A163-B0804478CEA8}.AppStore|iPhoneSimulator.ActiveCfg = Release|Any CPU
		{C56602CC-7D27-433E-A163-B0804478CEA8}.AppStore|iPhoneSimulator.Build.0 = Release|Any CPU
		{C56602CC-7D27-433E-A163-B0804478CEA8}.AppStore|x64.ActiveCfg = Release|Any CPU
		{C56602CC-7D27-433E-A163-B0804478CEA8}.AppStore|x64.Build.0 = Release|Any CPU
		{C56602CC-7D27-433E-A163-B0804478CEA8}.AppStore|x86.ActiveCfg = Release|Any CPU
		{C56602CC-7D27-433E-A163-B0804478CEA8}.AppStore|x86.Build.0 = Release|Any CPU
		{C56602CC-7D27-433E-A163-B0804478CEA8}.Debug|Any CPU.ActiveCfg = Debug|Any CPU
		{C56602CC-7D27-433E-A163-B0804478CEA8}.Debug|Any CPU.Build.0 = Debug|Any CPU
		{C56602CC-7D27-433E-A163-B0804478CEA8}.Debug|ARM.ActiveCfg = Debug|Any CPU
		{C56602CC-7D27-433E-A163-B0804478CEA8}.Debug|ARM.Build.0 = Debug|Any CPU
		{C56602CC-7D27-433E-A163-B0804478CEA8}.Debug|iPhone.ActiveCfg = Debug|Any CPU
		{C56602CC-7D27-433E-A163-B0804478CEA8}.Debug|iPhone.Build.0 = Debug|Any CPU
		{C56602CC-7D27-433E-A163-B0804478CEA8}.Debug|iPhoneSimulator.ActiveCfg = Debug|Any CPU
		{C56602CC-7D27-433E-A163-B0804478CEA8}.Debug|iPhoneSimulator.Build.0 = Debug|Any CPU
		{C56602CC-7D27-433E-A163-B0804478CEA8}.Debug|x64.ActiveCfg = Debug|Any CPU
		{C56602CC-7D27-433E-A163-B0804478CEA8}.Debug|x64.Build.0 = Debug|Any CPU
		{C56602CC-7D27-433E-A163-B0804478CEA8}.Debug|x86.ActiveCfg = Debug|Any CPU
		{C56602CC-7D27-433E-A163-B0804478CEA8}.Debug|x86.Build.0 = Debug|Any CPU
		{C56602CC-7D27-433E-A163-B0804478CEA8}.Release|Any CPU.ActiveCfg = Release|Any CPU
		{C56602CC-7D27-433E-A163-B0804478CEA8}.Release|Any CPU.Build.0 = Release|Any CPU
		{C56602CC-7D27-433E-A163-B0804478CEA8}.Release|ARM.ActiveCfg = Release|Any CPU
		{C56602CC-7D27-433E-A163-B0804478CEA8}.Release|ARM.Build.0 = Release|Any CPU
		{C56602CC-7D27-433E-A163-B0804478CEA8}.Release|iPhone.ActiveCfg = Release|Any CPU
		{C56602CC-7D27-433E-A163-B0804478CEA8}.Release|iPhone.Build.0 = Release|Any CPU
		{C56602CC-7D27-433E-A163-B0804478CEA8}.Release|iPhoneSimulator.ActiveCfg = Release|Any CPU
		{C56602CC-7D27-433E-A163-B0804478CEA8}.Release|iPhoneSimulator.Build.0 = Release|Any CPU
		{C56602CC-7D27-433E-A163-B0804478CEA8}.Release|x64.ActiveCfg = Release|Any CPU
		{C56602CC-7D27-433E-A163-B0804478CEA8}.Release|x64.Build.0 = Release|Any CPU
		{C56602CC-7D27-433E-A163-B0804478CEA8}.Release|x86.ActiveCfg = Release|Any CPU
		{C56602CC-7D27-433E-A163-B0804478CEA8}.Release|x86.Build.0 = Release|Any CPU
		{CC13A4BD-9CFA-4973-B930-8C899EC2F386}.Ad-Hoc|Any CPU.ActiveCfg = Release|Any CPU
		{CC13A4BD-9CFA-4973-B930-8C899EC2F386}.Ad-Hoc|Any CPU.Build.0 = Release|Any CPU
		{CC13A4BD-9CFA-4973-B930-8C899EC2F386}.Ad-Hoc|Any CPU.Deploy.0 = Release|Any CPU
		{CC13A4BD-9CFA-4973-B930-8C899EC2F386}.Ad-Hoc|ARM.ActiveCfg = Release|Any CPU
		{CC13A4BD-9CFA-4973-B930-8C899EC2F386}.Ad-Hoc|ARM.Build.0 = Release|Any CPU
		{CC13A4BD-9CFA-4973-B930-8C899EC2F386}.Ad-Hoc|ARM.Deploy.0 = Release|Any CPU
		{CC13A4BD-9CFA-4973-B930-8C899EC2F386}.Ad-Hoc|iPhone.ActiveCfg = Release|Any CPU
		{CC13A4BD-9CFA-4973-B930-8C899EC2F386}.Ad-Hoc|iPhone.Build.0 = Release|Any CPU
		{CC13A4BD-9CFA-4973-B930-8C899EC2F386}.Ad-Hoc|iPhone.Deploy.0 = Release|Any CPU
		{CC13A4BD-9CFA-4973-B930-8C899EC2F386}.Ad-Hoc|iPhoneSimulator.ActiveCfg = Release|Any CPU
		{CC13A4BD-9CFA-4973-B930-8C899EC2F386}.Ad-Hoc|iPhoneSimulator.Build.0 = Release|Any CPU
		{CC13A4BD-9CFA-4973-B930-8C899EC2F386}.Ad-Hoc|iPhoneSimulator.Deploy.0 = Release|Any CPU
		{CC13A4BD-9CFA-4973-B930-8C899EC2F386}.Ad-Hoc|x64.ActiveCfg = Release|Any CPU
		{CC13A4BD-9CFA-4973-B930-8C899EC2F386}.Ad-Hoc|x64.Build.0 = Release|Any CPU
		{CC13A4BD-9CFA-4973-B930-8C899EC2F386}.Ad-Hoc|x64.Deploy.0 = Release|Any CPU
		{CC13A4BD-9CFA-4973-B930-8C899EC2F386}.Ad-Hoc|x86.ActiveCfg = Release|Any CPU
		{CC13A4BD-9CFA-4973-B930-8C899EC2F386}.Ad-Hoc|x86.Build.0 = Release|Any CPU
		{CC13A4BD-9CFA-4973-B930-8C899EC2F386}.Ad-Hoc|x86.Deploy.0 = Release|Any CPU
		{CC13A4BD-9CFA-4973-B930-8C899EC2F386}.AppStore|Any CPU.ActiveCfg = Release|Any CPU
		{CC13A4BD-9CFA-4973-B930-8C899EC2F386}.AppStore|Any CPU.Build.0 = Release|Any CPU
		{CC13A4BD-9CFA-4973-B930-8C899EC2F386}.AppStore|Any CPU.Deploy.0 = Release|Any CPU
		{CC13A4BD-9CFA-4973-B930-8C899EC2F386}.AppStore|ARM.ActiveCfg = Release|Any CPU
		{CC13A4BD-9CFA-4973-B930-8C899EC2F386}.AppStore|ARM.Build.0 = Release|Any CPU
		{CC13A4BD-9CFA-4973-B930-8C899EC2F386}.AppStore|ARM.Deploy.0 = Release|Any CPU
		{CC13A4BD-9CFA-4973-B930-8C899EC2F386}.AppStore|iPhone.ActiveCfg = Release|Any CPU
		{CC13A4BD-9CFA-4973-B930-8C899EC2F386}.AppStore|iPhone.Build.0 = Release|Any CPU
		{CC13A4BD-9CFA-4973-B930-8C899EC2F386}.AppStore|iPhone.Deploy.0 = Release|Any CPU
		{CC13A4BD-9CFA-4973-B930-8C899EC2F386}.AppStore|iPhoneSimulator.ActiveCfg = Release|Any CPU
		{CC13A4BD-9CFA-4973-B930-8C899EC2F386}.AppStore|iPhoneSimulator.Build.0 = Release|Any CPU
		{CC13A4BD-9CFA-4973-B930-8C899EC2F386}.AppStore|iPhoneSimulator.Deploy.0 = Release|Any CPU
		{CC13A4BD-9CFA-4973-B930-8C899EC2F386}.AppStore|x64.ActiveCfg = Release|Any CPU
		{CC13A4BD-9CFA-4973-B930-8C899EC2F386}.AppStore|x64.Build.0 = Release|Any CPU
		{CC13A4BD-9CFA-4973-B930-8C899EC2F386}.AppStore|x64.Deploy.0 = Release|Any CPU
		{CC13A4BD-9CFA-4973-B930-8C899EC2F386}.AppStore|x86.ActiveCfg = Release|Any CPU
		{CC13A4BD-9CFA-4973-B930-8C899EC2F386}.AppStore|x86.Build.0 = Release|Any CPU
		{CC13A4BD-9CFA-4973-B930-8C899EC2F386}.AppStore|x86.Deploy.0 = Release|Any CPU
		{CC13A4BD-9CFA-4973-B930-8C899EC2F386}.Debug|Any CPU.ActiveCfg = Debug|Any CPU
		{CC13A4BD-9CFA-4973-B930-8C899EC2F386}.Debug|Any CPU.Build.0 = Debug|Any CPU
		{CC13A4BD-9CFA-4973-B930-8C899EC2F386}.Debug|Any CPU.Deploy.0 = Debug|Any CPU
		{CC13A4BD-9CFA-4973-B930-8C899EC2F386}.Debug|ARM.ActiveCfg = Debug|Any CPU
		{CC13A4BD-9CFA-4973-B930-8C899EC2F386}.Debug|ARM.Build.0 = Debug|Any CPU
		{CC13A4BD-9CFA-4973-B930-8C899EC2F386}.Debug|ARM.Deploy.0 = Debug|Any CPU
		{CC13A4BD-9CFA-4973-B930-8C899EC2F386}.Debug|iPhone.ActiveCfg = Debug|Any CPU
		{CC13A4BD-9CFA-4973-B930-8C899EC2F386}.Debug|iPhone.Build.0 = Debug|Any CPU
		{CC13A4BD-9CFA-4973-B930-8C899EC2F386}.Debug|iPhone.Deploy.0 = Debug|Any CPU
		{CC13A4BD-9CFA-4973-B930-8C899EC2F386}.Debug|iPhoneSimulator.ActiveCfg = Debug|Any CPU
		{CC13A4BD-9CFA-4973-B930-8C899EC2F386}.Debug|iPhoneSimulator.Build.0 = Debug|Any CPU
		{CC13A4BD-9CFA-4973-B930-8C899EC2F386}.Debug|iPhoneSimulator.Deploy.0 = Debug|Any CPU
		{CC13A4BD-9CFA-4973-B930-8C899EC2F386}.Debug|x64.ActiveCfg = Debug|Any CPU
		{CC13A4BD-9CFA-4973-B930-8C899EC2F386}.Debug|x64.Build.0 = Debug|Any CPU
		{CC13A4BD-9CFA-4973-B930-8C899EC2F386}.Debug|x64.Deploy.0 = Debug|Any CPU
		{CC13A4BD-9CFA-4973-B930-8C899EC2F386}.Debug|x86.ActiveCfg = Debug|Any CPU
		{CC13A4BD-9CFA-4973-B930-8C899EC2F386}.Debug|x86.Build.0 = Debug|Any CPU
		{CC13A4BD-9CFA-4973-B930-8C899EC2F386}.Debug|x86.Deploy.0 = Debug|Any CPU
		{CC13A4BD-9CFA-4973-B930-8C899EC2F386}.Release|Any CPU.ActiveCfg = Release|Any CPU
		{CC13A4BD-9CFA-4973-B930-8C899EC2F386}.Release|Any CPU.Build.0 = Release|Any CPU
		{CC13A4BD-9CFA-4973-B930-8C899EC2F386}.Release|Any CPU.Deploy.0 = Release|Any CPU
		{CC13A4BD-9CFA-4973-B930-8C899EC2F386}.Release|ARM.ActiveCfg = Release|Any CPU
		{CC13A4BD-9CFA-4973-B930-8C899EC2F386}.Release|ARM.Build.0 = Release|Any CPU
		{CC13A4BD-9CFA-4973-B930-8C899EC2F386}.Release|ARM.Deploy.0 = Release|Any CPU
		{CC13A4BD-9CFA-4973-B930-8C899EC2F386}.Release|iPhone.ActiveCfg = Release|Any CPU
		{CC13A4BD-9CFA-4973-B930-8C899EC2F386}.Release|iPhone.Build.0 = Release|Any CPU
		{CC13A4BD-9CFA-4973-B930-8C899EC2F386}.Release|iPhone.Deploy.0 = Release|Any CPU
		{CC13A4BD-9CFA-4973-B930-8C899EC2F386}.Release|iPhoneSimulator.ActiveCfg = Release|Any CPU
		{CC13A4BD-9CFA-4973-B930-8C899EC2F386}.Release|iPhoneSimulator.Build.0 = Release|Any CPU
		{CC13A4BD-9CFA-4973-B930-8C899EC2F386}.Release|iPhoneSimulator.Deploy.0 = Release|Any CPU
		{CC13A4BD-9CFA-4973-B930-8C899EC2F386}.Release|x64.ActiveCfg = Release|Any CPU
		{CC13A4BD-9CFA-4973-B930-8C899EC2F386}.Release|x64.Build.0 = Release|Any CPU
		{CC13A4BD-9CFA-4973-B930-8C899EC2F386}.Release|x64.Deploy.0 = Release|Any CPU
		{CC13A4BD-9CFA-4973-B930-8C899EC2F386}.Release|x86.ActiveCfg = Release|Any CPU
		{CC13A4BD-9CFA-4973-B930-8C899EC2F386}.Release|x86.Build.0 = Release|Any CPU
		{CC13A4BD-9CFA-4973-B930-8C899EC2F386}.Release|x86.Deploy.0 = Release|Any CPU
		{BC6D55F6-2EEF-4082-84E2-6300FB0EFB80}.Ad-Hoc|Any CPU.ActiveCfg = Ad-Hoc|iPhone
		{BC6D55F6-2EEF-4082-84E2-6300FB0EFB80}.Ad-Hoc|ARM.ActiveCfg = Ad-Hoc|iPhone
		{BC6D55F6-2EEF-4082-84E2-6300FB0EFB80}.Ad-Hoc|iPhone.ActiveCfg = Ad-Hoc|iPhone
		{BC6D55F6-2EEF-4082-84E2-6300FB0EFB80}.Ad-Hoc|iPhone.Build.0 = Ad-Hoc|iPhone
		{BC6D55F6-2EEF-4082-84E2-6300FB0EFB80}.Ad-Hoc|iPhoneSimulator.ActiveCfg = Ad-Hoc|iPhoneSimulator
		{BC6D55F6-2EEF-4082-84E2-6300FB0EFB80}.Ad-Hoc|iPhoneSimulator.Build.0 = Ad-Hoc|iPhoneSimulator
		{BC6D55F6-2EEF-4082-84E2-6300FB0EFB80}.Ad-Hoc|x64.ActiveCfg = Ad-Hoc|iPhone
		{BC6D55F6-2EEF-4082-84E2-6300FB0EFB80}.Ad-Hoc|x86.ActiveCfg = Ad-Hoc|iPhone
		{BC6D55F6-2EEF-4082-84E2-6300FB0EFB80}.AppStore|Any CPU.ActiveCfg = AppStore|iPhone
		{BC6D55F6-2EEF-4082-84E2-6300FB0EFB80}.AppStore|ARM.ActiveCfg = AppStore|iPhone
		{BC6D55F6-2EEF-4082-84E2-6300FB0EFB80}.AppStore|iPhone.ActiveCfg = AppStore|iPhone
		{BC6D55F6-2EEF-4082-84E2-6300FB0EFB80}.AppStore|iPhone.Build.0 = AppStore|iPhone
		{BC6D55F6-2EEF-4082-84E2-6300FB0EFB80}.AppStore|iPhoneSimulator.ActiveCfg = AppStore|iPhoneSimulator
		{BC6D55F6-2EEF-4082-84E2-6300FB0EFB80}.AppStore|iPhoneSimulator.Build.0 = AppStore|iPhoneSimulator
		{BC6D55F6-2EEF-4082-84E2-6300FB0EFB80}.AppStore|x64.ActiveCfg = AppStore|iPhone
		{BC6D55F6-2EEF-4082-84E2-6300FB0EFB80}.AppStore|x86.ActiveCfg = AppStore|iPhone
		{BC6D55F6-2EEF-4082-84E2-6300FB0EFB80}.Debug|Any CPU.ActiveCfg = Debug|iPhone
		{BC6D55F6-2EEF-4082-84E2-6300FB0EFB80}.Debug|ARM.ActiveCfg = Debug|iPhone
		{BC6D55F6-2EEF-4082-84E2-6300FB0EFB80}.Debug|iPhone.ActiveCfg = Debug|iPhone
		{BC6D55F6-2EEF-4082-84E2-6300FB0EFB80}.Debug|iPhone.Build.0 = Debug|iPhone
		{BC6D55F6-2EEF-4082-84E2-6300FB0EFB80}.Debug|iPhoneSimulator.ActiveCfg = Debug|iPhoneSimulator
		{BC6D55F6-2EEF-4082-84E2-6300FB0EFB80}.Debug|iPhoneSimulator.Build.0 = Debug|iPhoneSimulator
		{BC6D55F6-2EEF-4082-84E2-6300FB0EFB80}.Debug|x64.ActiveCfg = Debug|iPhone
		{BC6D55F6-2EEF-4082-84E2-6300FB0EFB80}.Debug|x86.ActiveCfg = Debug|iPhone
		{BC6D55F6-2EEF-4082-84E2-6300FB0EFB80}.Release|Any CPU.ActiveCfg = Release|iPhone
		{BC6D55F6-2EEF-4082-84E2-6300FB0EFB80}.Release|ARM.ActiveCfg = Release|iPhone
		{BC6D55F6-2EEF-4082-84E2-6300FB0EFB80}.Release|iPhone.ActiveCfg = Release|iPhone
		{BC6D55F6-2EEF-4082-84E2-6300FB0EFB80}.Release|iPhone.Build.0 = Release|iPhone
		{BC6D55F6-2EEF-4082-84E2-6300FB0EFB80}.Release|iPhoneSimulator.ActiveCfg = Release|iPhoneSimulator
		{BC6D55F6-2EEF-4082-84E2-6300FB0EFB80}.Release|iPhoneSimulator.Build.0 = Release|iPhoneSimulator
		{BC6D55F6-2EEF-4082-84E2-6300FB0EFB80}.Release|x64.ActiveCfg = Release|iPhone
		{BC6D55F6-2EEF-4082-84E2-6300FB0EFB80}.Release|x86.ActiveCfg = Release|iPhone
		{CD1BADE6-CDB1-4343-AB64-7544A42D9B89}.Ad-Hoc|Any CPU.ActiveCfg = Debug|Any CPU
		{CD1BADE6-CDB1-4343-AB64-7544A42D9B89}.Ad-Hoc|Any CPU.Build.0 = Debug|Any CPU
		{CD1BADE6-CDB1-4343-AB64-7544A42D9B89}.Ad-Hoc|ARM.ActiveCfg = Debug|Any CPU
		{CD1BADE6-CDB1-4343-AB64-7544A42D9B89}.Ad-Hoc|ARM.Build.0 = Debug|Any CPU
		{CD1BADE6-CDB1-4343-AB64-7544A42D9B89}.Ad-Hoc|iPhone.ActiveCfg = Debug|Any CPU
		{CD1BADE6-CDB1-4343-AB64-7544A42D9B89}.Ad-Hoc|iPhone.Build.0 = Debug|Any CPU
		{CD1BADE6-CDB1-4343-AB64-7544A42D9B89}.Ad-Hoc|iPhoneSimulator.ActiveCfg = Debug|Any CPU
		{CD1BADE6-CDB1-4343-AB64-7544A42D9B89}.Ad-Hoc|iPhoneSimulator.Build.0 = Debug|Any CPU
		{CD1BADE6-CDB1-4343-AB64-7544A42D9B89}.Ad-Hoc|x64.ActiveCfg = Debug|Any CPU
		{CD1BADE6-CDB1-4343-AB64-7544A42D9B89}.Ad-Hoc|x64.Build.0 = Debug|Any CPU
		{CD1BADE6-CDB1-4343-AB64-7544A42D9B89}.Ad-Hoc|x86.ActiveCfg = Debug|Any CPU
		{CD1BADE6-CDB1-4343-AB64-7544A42D9B89}.Ad-Hoc|x86.Build.0 = Debug|Any CPU
		{CD1BADE6-CDB1-4343-AB64-7544A42D9B89}.AppStore|Any CPU.ActiveCfg = Debug|Any CPU
		{CD1BADE6-CDB1-4343-AB64-7544A42D9B89}.AppStore|Any CPU.Build.0 = Debug|Any CPU
		{CD1BADE6-CDB1-4343-AB64-7544A42D9B89}.AppStore|ARM.ActiveCfg = Debug|Any CPU
		{CD1BADE6-CDB1-4343-AB64-7544A42D9B89}.AppStore|ARM.Build.0 = Debug|Any CPU
		{CD1BADE6-CDB1-4343-AB64-7544A42D9B89}.AppStore|iPhone.ActiveCfg = Debug|Any CPU
		{CD1BADE6-CDB1-4343-AB64-7544A42D9B89}.AppStore|iPhone.Build.0 = Debug|Any CPU
		{CD1BADE6-CDB1-4343-AB64-7544A42D9B89}.AppStore|iPhoneSimulator.ActiveCfg = Debug|Any CPU
		{CD1BADE6-CDB1-4343-AB64-7544A42D9B89}.AppStore|iPhoneSimulator.Build.0 = Debug|Any CPU
		{CD1BADE6-CDB1-4343-AB64-7544A42D9B89}.AppStore|x64.ActiveCfg = Debug|Any CPU
		{CD1BADE6-CDB1-4343-AB64-7544A42D9B89}.AppStore|x64.Build.0 = Debug|Any CPU
		{CD1BADE6-CDB1-4343-AB64-7544A42D9B89}.AppStore|x86.ActiveCfg = Debug|Any CPU
		{CD1BADE6-CDB1-4343-AB64-7544A42D9B89}.AppStore|x86.Build.0 = Debug|Any CPU
		{CD1BADE6-CDB1-4343-AB64-7544A42D9B89}.Debug|Any CPU.ActiveCfg = Debug|Any CPU
		{CD1BADE6-CDB1-4343-AB64-7544A42D9B89}.Debug|Any CPU.Build.0 = Debug|Any CPU
		{CD1BADE6-CDB1-4343-AB64-7544A42D9B89}.Debug|ARM.ActiveCfg = Debug|Any CPU
		{CD1BADE6-CDB1-4343-AB64-7544A42D9B89}.Debug|ARM.Build.0 = Debug|Any CPU
		{CD1BADE6-CDB1-4343-AB64-7544A42D9B89}.Debug|iPhone.ActiveCfg = Debug|Any CPU
		{CD1BADE6-CDB1-4343-AB64-7544A42D9B89}.Debug|iPhone.Build.0 = Debug|Any CPU
		{CD1BADE6-CDB1-4343-AB64-7544A42D9B89}.Debug|iPhoneSimulator.ActiveCfg = Debug|Any CPU
		{CD1BADE6-CDB1-4343-AB64-7544A42D9B89}.Debug|iPhoneSimulator.Build.0 = Debug|Any CPU
		{CD1BADE6-CDB1-4343-AB64-7544A42D9B89}.Debug|x64.ActiveCfg = Debug|Any CPU
		{CD1BADE6-CDB1-4343-AB64-7544A42D9B89}.Debug|x64.Build.0 = Debug|Any CPU
		{CD1BADE6-CDB1-4343-AB64-7544A42D9B89}.Debug|x86.ActiveCfg = Debug|Any CPU
		{CD1BADE6-CDB1-4343-AB64-7544A42D9B89}.Debug|x86.Build.0 = Debug|Any CPU
		{CD1BADE6-CDB1-4343-AB64-7544A42D9B89}.Release|Any CPU.ActiveCfg = Release|Any CPU
		{CD1BADE6-CDB1-4343-AB64-7544A42D9B89}.Release|Any CPU.Build.0 = Release|Any CPU
		{CD1BADE6-CDB1-4343-AB64-7544A42D9B89}.Release|ARM.ActiveCfg = Release|Any CPU
		{CD1BADE6-CDB1-4343-AB64-7544A42D9B89}.Release|ARM.Build.0 = Release|Any CPU
		{CD1BADE6-CDB1-4343-AB64-7544A42D9B89}.Release|iPhone.ActiveCfg = Release|Any CPU
		{CD1BADE6-CDB1-4343-AB64-7544A42D9B89}.Release|iPhone.Build.0 = Release|Any CPU
		{CD1BADE6-CDB1-4343-AB64-7544A42D9B89}.Release|iPhoneSimulator.ActiveCfg = Release|Any CPU
		{CD1BADE6-CDB1-4343-AB64-7544A42D9B89}.Release|iPhoneSimulator.Build.0 = Release|Any CPU
		{CD1BADE6-CDB1-4343-AB64-7544A42D9B89}.Release|x64.ActiveCfg = Release|Any CPU
		{CD1BADE6-CDB1-4343-AB64-7544A42D9B89}.Release|x64.Build.0 = Release|Any CPU
		{CD1BADE6-CDB1-4343-AB64-7544A42D9B89}.Release|x86.ActiveCfg = Release|Any CPU
		{CD1BADE6-CDB1-4343-AB64-7544A42D9B89}.Release|x86.Build.0 = Release|Any CPU
	EndGlobalSection
	GlobalSection(SolutionProperties) = preSolution
		HideSolutionNode = FALSE
	EndGlobalSection
	GlobalSection(ExtensibilityGlobals) = postSolution
		SolutionGuid = {FB9FF162-D7AA-4697-924E-08B5ADE5FB8B}
	EndGlobalSection
EndGlobal
